
Microsoft Visual Studio Solution File, Format Version 12.00
# Visual Studio Version 17
VisualStudioVersion = 17.10.35122.118
MinimumVisualStudioVersion = 10.0.40219.1
Project("{FAE04EC0-301F-11D3-BF4B-00C04F79EFBC}") = "CourtSchedulerAPI", "CourtSchedulerAPI\CourtSchedulerAPI.csproj", "{205D38D1-34FC-4B32-B27B-42D2DD11BCB6}"
EndProject
Global
	GlobalSection(SolutionConfigurationPlatforms) = preSolution
		Debug|Any CPU = Debug|Any CPU
		Release|Any CPU = Release|Any CPU
	EndGlobalSection
	GlobalSection(ProjectConfigurationPlatforms) = postSolution
		{205D38D1-34FC-4B32-B27B-42D2DD11BCB6}.Debug|Any CPU.ActiveCfg = Debug|Any CPU
		{205D38D1-34FC-4B32-B27B-42D2DD11BCB6}.Debug|Any CPU.Build.0 = Debug|Any CPU
		{205D38D1-34FC-4B32-B27B-42D2DD11BCB6}.Release|Any CPU.ActiveCfg = Release|Any CPU
		{205D38D1-34FC-4B32-B27B-42D2DD11BCB6}.Release|Any CPU.Build.0 = Release|Any CPU
	EndGlobalSection
	GlobalSection(SolutionProperties) = preSolution
		HideSolutionNode = FALSE
	EndGlobalSection
	GlobalSection(ExtensibilityGlobals) = postSolution
		SolutionGuid = {1C420992-D49C-4593-810A-E80213A64FF0}
	EndGlobalSection
EndGlobal
